
Microsoft Visual Studio Solution File, Format Version 12.00
# Visual Studio Version 17
VisualStudioVersion = 17.6.33723.286
MinimumVisualStudioVersion = 10.0.40219.1
Project("{FAE04EC0-301F-11D3-BF4B-00C04F79EFBC}") = "Assignment 4", "Assignment 4.csproj", "{0CE50492-6E48-4A04-92C7-278DE4E65495}"
EndProject
Global
	GlobalSection(SolutionConfigurationPlatforms) = preSolution
		Debug|Any CPU = Debug|Any CPU
		Release|Any CPU = Release|Any CPU
	EndGlobalSection
	GlobalSection(ProjectConfigurationPlatforms) = postSolution
		{0CE50492-6E48-4A04-92C7-278DE4E65495}.Debug|Any CPU.ActiveCfg = Debug|Any CPU
		{0CE50492-6E48-4A04-92C7-278DE4E65495}.Debug|Any CPU.Build.0 = Debug|Any CPU
		{0CE50492-6E48-4A04-92C7-278DE4E65495}.Release|Any CPU.ActiveCfg = Release|Any CPU
		{0CE50492-6E48-4A04-92C7-278DE4E65495}.Release|Any CPU.Build.0 = Release|Any CPU
	EndGlobalSection
	GlobalSection(SolutionProperties) = preSolution
		HideSolutionNode = FALSE
	EndGlobalSection
	GlobalSection(ExtensibilityGlobals) = postSolution
		SolutionGuid = {8061A877-9AE2-4B21-81FB-F8D5F1791E86}
	EndGlobalSection
EndGlobal
